// !$*UTF8*$!
{
	archiveVersion = 1;
	classes = {
	};
	objectVersion = 46;
	objects = {

/* Begin PBXBuildFile section */
		19A927DCAF77696AE9DD9234 /* libPods-Doctor9.a in Frameworks */ = {isa = PBXBuildFile; fileRef = 6443AF8C9E03FC53D143E594 /* libPods-Doctor9.a */; };
		8929CB2B1F4D985600C9BE09 /* main.m in Sources */ = {isa = PBXBuildFile; fileRef = 8929CB2A1F4D985600C9BE09 /* main.m */; };
		8929CB2E1F4D985600C9BE09 /* AppDelegate.m in Sources */ = {isa = PBXBuildFile; fileRef = 8929CB2D1F4D985600C9BE09 /* AppDelegate.m */; };
		8929CB341F4D985600C9BE09 /* Main.storyboard in Resources */ = {isa = PBXBuildFile; fileRef = 8929CB321F4D985600C9BE09 /* Main.storyboard */; };
		8929CB361F4D985600C9BE09 /* Assets.xcassets in Resources */ = {isa = PBXBuildFile; fileRef = 8929CB351F4D985600C9BE09 /* Assets.xcassets */; };
		8929CB391F4D985600C9BE09 /* LaunchScreen.storyboard in Resources */ = {isa = PBXBuildFile; fileRef = 8929CB371F4D985600C9BE09 /* LaunchScreen.storyboard */; };
		8929CB441F4D985600C9BE09 /* Doctor9Tests.m in Sources */ = {isa = PBXBuildFile; fileRef = 8929CB431F4D985600C9BE09 /* Doctor9Tests.m */; };
		8929CB4F1F4D985600C9BE09 /* Doctor9UITests.m in Sources */ = {isa = PBXBuildFile; fileRef = 8929CB4E1F4D985600C9BE09 /* Doctor9UITests.m */; };
		892C33B01F4EB00900026DE7 /* welcome.png in Resources */ = {isa = PBXBuildFile; fileRef = 892C33AF1F4EB00900026DE7 /* welcome.png */; };
		892C33DF1F4EC1BF00026DE7 /* ConfigUtil.m in Sources */ = {isa = PBXBuildFile; fileRef = 892C33DE1F4EC1BF00026DE7 /* ConfigUtil.m */; };
		892C33E21F4EC3FA00026DE7 /* GuideView.m in Sources */ = {isa = PBXBuildFile; fileRef = 892C33E11F4EC3FA00026DE7 /* GuideView.m */; };
		892C33E71F4EC4BD00026DE7 /* guide1.png in Resources */ = {isa = PBXBuildFile; fileRef = 892C33E31F4EC4BD00026DE7 /* guide1.png */; };
		892C33E81F4EC4BD00026DE7 /* guide2.png in Resources */ = {isa = PBXBuildFile; fileRef = 892C33E41F4EC4BD00026DE7 /* guide2.png */; };
		892C33E91F4EC4BD00026DE7 /* guide3.png in Resources */ = {isa = PBXBuildFile; fileRef = 892C33E51F4EC4BD00026DE7 /* guide3.png */; };
		892C33EA1F4EC4BD00026DE7 /* guide4.png in Resources */ = {isa = PBXBuildFile; fileRef = 892C33E61F4EC4BD00026DE7 /* guide4.png */; };
		892C33ED1F4ED58F00026DE7 /* GJWebViewProgressView.m in Sources */ = {isa = PBXBuildFile; fileRef = 892C33EC1F4ED58F00026DE7 /* GJWebViewProgressView.m */; };
		894C25B91F4F075900ABD4EF /* ADWebViewController.m in Sources */ = {isa = PBXBuildFile; fileRef = 894C25B81F4F075900ABD4EF /* ADWebViewController.m */; };
		898E02BE1F510CEE0064F55B /* PubFunc.m in Sources */ = {isa = PBXBuildFile; fileRef = 898E02BD1F510CEE0064F55B /* PubFunc.m */; };
		8990B0E71F4FB7980037B01E /* NetworkRequester.m in Sources */ = {isa = PBXBuildFile; fileRef = 8990B0E61F4FB7980037B01E /* NetworkRequester.m */; };
		8990B0EB1F4FBF210037B01E /* NetworkRequester+Launch.m in Sources */ = {isa = PBXBuildFile; fileRef = 8990B0EA1F4FBF210037B01E /* NetworkRequester+Launch.m */; };
		8990B0EF1F500BCC0037B01E /* BaseViewController.m in Sources */ = {isa = PBXBuildFile; fileRef = 8990B0EE1F500BCC0037B01E /* BaseViewController.m */; };
		8990B0F21F500BF90037B01E /* BaseModel.m in Sources */ = {isa = PBXBuildFile; fileRef = 8990B0F11F500BF90037B01E /* BaseModel.m */; };
		8990B0F51F500DC40037B01E /* ShowADView.m in Sources */ = {isa = PBXBuildFile; fileRef = 8990B0F41F500DC40037B01E /* ShowADView.m */; };
		8999ABD41F6A246B00579508 /* BaseWKWebViewController.m in Sources */ = {isa = PBXBuildFile; fileRef = 8999ABD31F6A246B00579508 /* BaseWKWebViewController.m */; };
		89A6F5051F7B3ECD00E226B1 /* TestViewController.m in Sources */ = {isa = PBXBuildFile; fileRef = 89A6F5041F7B3ECD00E226B1 /* TestViewController.m */; };
		89DD72E11F53B3BF00E4117B /* GJLaunchViewManager.m in Sources */ = {isa = PBXBuildFile; fileRef = 89DD72E01F53B3BF00E4117B /* GJLaunchViewManager.m */; };
		89DD72E41F53B3E100E4117B /* GJAdModel.m in Sources */ = {isa = PBXBuildFile; fileRef = 89DD72E31F53B3E100E4117B /* GJAdModel.m */; };
		89F6B9DB1F55085B001C2FEC /* main_badge@2x.png in Resources */ = {isa = PBXBuildFile; fileRef = 89F6B9D91F55085B001C2FEC /* main_badge@2x.png */; };
		89F6B9DC1F55085B001C2FEC /* main_badge@3x.png in Resources */ = {isa = PBXBuildFile; fileRef = 89F6B9DA1F55085B001C2FEC /* main_badge@3x.png */; };
		89F6B9E71F550DC1001C2FEC /* GJTabBarController.m in Sources */ = {isa = PBXBuildFile; fileRef = 89F6B9E61F550DC1001C2FEC /* GJTabBarController.m */; };
		89F6B9ED1F550E66001C2FEC /* UITabBarItem+BadgeColor.m in Sources */ = {isa = PBXBuildFile; fileRef = 89F6B9EC1F550E66001C2FEC /* UITabBarItem+BadgeColor.m */; };
		89F6B9F01F550ED6001C2FEC /* GJBadgeView.m in Sources */ = {isa = PBXBuildFile; fileRef = 89F6B9EF1F550ED6001C2FEC /* GJBadgeView.m */; };
		89F6B9F31F550F3F001C2FEC /* GJTabBarButton.m in Sources */ = {isa = PBXBuildFile; fileRef = 89F6B9F21F550F3F001C2FEC /* GJTabBarButton.m */; };
		89F6B9F61F550FF5001C2FEC /* GJTabBarConfig.m in Sources */ = {isa = PBXBuildFile; fileRef = 89F6B9F51F550FF5001C2FEC /* GJTabBarConfig.m */; };
		89F6B9F91F5510B0001C2FEC /* GJCenterTabBarBtn.m in Sources */ = {isa = PBXBuildFile; fileRef = 89F6B9F81F5510B0001C2FEC /* GJCenterTabBarBtn.m */; };
		89F6B9FC1F55115E001C2FEC /* GJTabBar.m in Sources */ = {isa = PBXBuildFile; fileRef = 89F6B9FB1F55115E001C2FEC /* GJTabBar.m */; };
		89F6B9FF1F551393001C2FEC /* MainViewController.m in Sources */ = {isa = PBXBuildFile; fileRef = 89F6B9FE1F551393001C2FEC /* MainViewController.m */; };
		89F6BA021F5513AF001C2FEC /* SecondViewController.m in Sources */ = {isa = PBXBuildFile; fileRef = 89F6BA011F5513AF001C2FEC /* SecondViewController.m */; };
		89F6BA051F5513BF001C2FEC /* MidViewController.m in Sources */ = {isa = PBXBuildFile; fileRef = 89F6BA041F5513BF001C2FEC /* MidViewController.m */; };
		89F6BA081F5513CC001C2FEC /* DiscoverViewController.m in Sources */ = {isa = PBXBuildFile; fileRef = 89F6BA071F5513CC001C2FEC /* DiscoverViewController.m */; };
		89F6BA0B1F5513EB001C2FEC /* MineViewController.m in Sources */ = {isa = PBXBuildFile; fileRef = 89F6BA0A1F5513EB001C2FEC /* MineViewController.m */; };
/* End PBXBuildFile section */

/* Begin PBXContainerItemProxy section */
		8929CB401F4D985600C9BE09 /* PBXContainerItemProxy */ = {
			isa = PBXContainerItemProxy;
			containerPortal = 8929CB1E1F4D985600C9BE09 /* Project object */;
			proxyType = 1;
			remoteGlobalIDString = 8929CB251F4D985600C9BE09;
			remoteInfo = Doctor9;
		};
		8929CB4B1F4D985600C9BE09 /* PBXContainerItemProxy */ = {
			isa = PBXContainerItemProxy;
			containerPortal = 8929CB1E1F4D985600C9BE09 /* Project object */;
			proxyType = 1;
			remoteGlobalIDString = 8929CB251F4D985600C9BE09;
			remoteInfo = Doctor9;
		};
/* End PBXContainerItemProxy section */

/* Begin PBXFileReference section */
		22003750A4076C3B1260FCC9 /* Pods-Doctor9.release.xcconfig */ = {isa = PBXFileReference; includeInIndex = 1; lastKnownFileType = text.xcconfig; name = "Pods-Doctor9.release.xcconfig"; path = "Pods/Target Support Files/Pods-Doctor9/Pods-Doctor9.release.xcconfig"; sourceTree = "<group>"; };
		6443AF8C9E03FC53D143E594 /* libPods-Doctor9.a */ = {isa = PBXFileReference; explicitFileType = archive.ar; includeInIndex = 0; path = "libPods-Doctor9.a"; sourceTree = BUILT_PRODUCTS_DIR; };
		8929CB261F4D985600C9BE09 /* Doctor9.app */ = {isa = PBXFileReference; explicitFileType = wrapper.application; includeInIndex = 0; path = Doctor9.app; sourceTree = BUILT_PRODUCTS_DIR; };
		8929CB2A1F4D985600C9BE09 /* main.m */ = {isa = PBXFileReference; lastKnownFileType = sourcecode.c.objc; path = main.m; sourceTree = "<group>"; };
		8929CB2C1F4D985600C9BE09 /* AppDelegate.h */ = {isa = PBXFileReference; lastKnownFileType = sourcecode.c.h; path = AppDelegate.h; sourceTree = "<group>"; };
		8929CB2D1F4D985600C9BE09 /* AppDelegate.m */ = {isa = PBXFileReference; lastKnownFileType = sourcecode.c.objc; path = AppDelegate.m; sourceTree = "<group>"; };
		8929CB331F4D985600C9BE09 /* Base */ = {isa = PBXFileReference; lastKnownFileType = file.storyboard; name = Base; path = Base.lproj/Main.storyboard; sourceTree = "<group>"; };
		8929CB351F4D985600C9BE09 /* Assets.xcassets */ = {isa = PBXFileReference; lastKnownFileType = folder.assetcatalog; path = Assets.xcassets; sourceTree = "<group>"; };
		8929CB381F4D985600C9BE09 /* Base */ = {isa = PBXFileReference; lastKnownFileType = file.storyboard; name = Base; path = Base.lproj/LaunchScreen.storyboard; sourceTree = "<group>"; };
		8929CB3A1F4D985600C9BE09 /* Info.plist */ = {isa = PBXFileReference; lastKnownFileType = text.plist.xml; path = Info.plist; sourceTree = "<group>"; };
		8929CB3F1F4D985600C9BE09 /* Doctor9Tests.xctest */ = {isa = PBXFileReference; explicitFileType = wrapper.cfbundle; includeInIndex = 0; path = Doctor9Tests.xctest; sourceTree = BUILT_PRODUCTS_DIR; };
		8929CB431F4D985600C9BE09 /* Doctor9Tests.m */ = {isa = PBXFileReference; lastKnownFileType = sourcecode.c.objc; path = Doctor9Tests.m; sourceTree = "<group>"; };
		8929CB451F4D985600C9BE09 /* Info.plist */ = {isa = PBXFileReference; lastKnownFileType = text.plist.xml; path = Info.plist; sourceTree = "<group>"; };
		8929CB4A1F4D985600C9BE09 /* Doctor9UITests.xctest */ = {isa = PBXFileReference; explicitFileType = wrapper.cfbundle; includeInIndex = 0; path = Doctor9UITests.xctest; sourceTree = BUILT_PRODUCTS_DIR; };
		8929CB4E1F4D985600C9BE09 /* Doctor9UITests.m */ = {isa = PBXFileReference; lastKnownFileType = sourcecode.c.objc; path = Doctor9UITests.m; sourceTree = "<group>"; };
		8929CB501F4D985600C9BE09 /* Info.plist */ = {isa = PBXFileReference; lastKnownFileType = text.plist.xml; path = Info.plist; sourceTree = "<group>"; };
		892C33AF1F4EB00900026DE7 /* welcome.png */ = {isa = PBXFileReference; lastKnownFileType = image.png; path = welcome.png; sourceTree = "<group>"; };
		892C33D21F4EBD6500026DE7 /* Doctor9Header.pch */ = {isa = PBXFileReference; fileEncoding = 4; lastKnownFileType = sourcecode.c.h; path = Doctor9Header.pch; sourceTree = "<group>"; };
		892C33DC1F4EC11500026DE7 /* AppConfig.h */ = {isa = PBXFileReference; fileEncoding = 4; lastKnownFileType = sourcecode.c.h; path = AppConfig.h; sourceTree = "<group>"; };
		892C33DD1F4EC1BF00026DE7 /* ConfigUtil.h */ = {isa = PBXFileReference; fileEncoding = 4; lastKnownFileType = sourcecode.c.h; path = ConfigUtil.h; sourceTree = "<group>"; };
		892C33DE1F4EC1BF00026DE7 /* ConfigUtil.m */ = {isa = PBXFileReference; fileEncoding = 4; lastKnownFileType = sourcecode.c.objc; path = ConfigUtil.m; sourceTree = "<group>"; };
		892C33E01F4EC3FA00026DE7 /* GuideView.h */ = {isa = PBXFileReference; fileEncoding = 4; lastKnownFileType = sourcecode.c.h; path = GuideView.h; sourceTree = "<group>"; };
		892C33E11F4EC3FA00026DE7 /* GuideView.m */ = {isa = PBXFileReference; fileEncoding = 4; lastKnownFileType = sourcecode.c.objc; path = GuideView.m; sourceTree = "<group>"; };
		892C33E31F4EC4BD00026DE7 /* guide1.png */ = {isa = PBXFileReference; lastKnownFileType = image.png; path = guide1.png; sourceTree = "<group>"; };
		892C33E41F4EC4BD00026DE7 /* guide2.png */ = {isa = PBXFileReference; lastKnownFileType = image.png; path = guide2.png; sourceTree = "<group>"; };
		892C33E51F4EC4BD00026DE7 /* guide3.png */ = {isa = PBXFileReference; lastKnownFileType = image.png; path = guide3.png; sourceTree = "<group>"; };
		892C33E61F4EC4BD00026DE7 /* guide4.png */ = {isa = PBXFileReference; lastKnownFileType = image.png; path = guide4.png; sourceTree = "<group>"; };
		892C33EB1F4ED58F00026DE7 /* GJWebViewProgressView.h */ = {isa = PBXFileReference; fileEncoding = 4; lastKnownFileType = sourcecode.c.h; path = GJWebViewProgressView.h; sourceTree = "<group>"; };
		892C33EC1F4ED58F00026DE7 /* GJWebViewProgressView.m */ = {isa = PBXFileReference; fileEncoding = 4; lastKnownFileType = sourcecode.c.objc; path = GJWebViewProgressView.m; sourceTree = "<group>"; };
		894C25B71F4F075900ABD4EF /* ADWebViewController.h */ = {isa = PBXFileReference; fileEncoding = 4; lastKnownFileType = sourcecode.c.h; path = ADWebViewController.h; sourceTree = "<group>"; };
		894C25B81F4F075900ABD4EF /* ADWebViewController.m */ = {isa = PBXFileReference; fileEncoding = 4; lastKnownFileType = sourcecode.c.objc; path = ADWebViewController.m; sourceTree = "<group>"; };
		898E02BC1F510CEE0064F55B /* PubFunc.h */ = {isa = PBXFileReference; fileEncoding = 4; lastKnownFileType = sourcecode.c.h; path = PubFunc.h; sourceTree = "<group>"; };
		898E02BD1F510CEE0064F55B /* PubFunc.m */ = {isa = PBXFileReference; fileEncoding = 4; lastKnownFileType = sourcecode.c.objc; path = PubFunc.m; sourceTree = "<group>"; };
		8990B0E51F4FB7980037B01E /* NetworkRequester.h */ = {isa = PBXFileReference; fileEncoding = 4; lastKnownFileType = sourcecode.c.h; path = NetworkRequester.h; sourceTree = "<group>"; };
		8990B0E61F4FB7980037B01E /* NetworkRequester.m */ = {isa = PBXFileReference; fileEncoding = 4; lastKnownFileType = sourcecode.c.objc; path = NetworkRequester.m; sourceTree = "<group>"; };
		8990B0E81F4FB86D0037B01E /* NetworkCongfig.h */ = {isa = PBXFileReference; fileEncoding = 4; lastKnownFileType = sourcecode.c.h; path = NetworkCongfig.h; sourceTree = "<group>"; };
		8990B0E91F4FBF210037B01E /* NetworkRequester+Launch.h */ = {isa = PBXFileReference; fileEncoding = 4; lastKnownFileType = sourcecode.c.h; path = "NetworkRequester+Launch.h"; sourceTree = "<group>"; };
		8990B0EA1F4FBF210037B01E /* NetworkRequester+Launch.m */ = {isa = PBXFileReference; fileEncoding = 4; lastKnownFileType = sourcecode.c.objc; path = "NetworkRequester+Launch.m"; sourceTree = "<group>"; };
		8990B0ED1F500BCC0037B01E /* BaseViewController.h */ = {isa = PBXFileReference; fileEncoding = 4; lastKnownFileType = sourcecode.c.h; path = BaseViewController.h; sourceTree = "<group>"; };
		8990B0EE1F500BCC0037B01E /* BaseViewController.m */ = {isa = PBXFileReference; fileEncoding = 4; lastKnownFileType = sourcecode.c.objc; path = BaseViewController.m; sourceTree = "<group>"; };
		8990B0F01F500BF90037B01E /* BaseModel.h */ = {isa = PBXFileReference; fileEncoding = 4; lastKnownFileType = sourcecode.c.h; path = BaseModel.h; sourceTree = "<group>"; };
		8990B0F11F500BF90037B01E /* BaseModel.m */ = {isa = PBXFileReference; fileEncoding = 4; lastKnownFileType = sourcecode.c.objc; path = BaseModel.m; sourceTree = "<group>"; };
		8990B0F31F500DC40037B01E /* ShowADView.h */ = {isa = PBXFileReference; fileEncoding = 4; lastKnownFileType = sourcecode.c.h; path = ShowADView.h; sourceTree = "<group>"; };
		8990B0F41F500DC40037B01E /* ShowADView.m */ = {isa = PBXFileReference; fileEncoding = 4; lastKnownFileType = sourcecode.c.objc; path = ShowADView.m; sourceTree = "<group>"; };
		8999ABD21F6A246B00579508 /* BaseWKWebViewController.h */ = {isa = PBXFileReference; fileEncoding = 4; lastKnownFileType = sourcecode.c.h; path = BaseWKWebViewController.h; sourceTree = "<group>"; };
		8999ABD31F6A246B00579508 /* BaseWKWebViewController.m */ = {isa = PBXFileReference; fileEncoding = 4; lastKnownFileType = sourcecode.c.objc; path = BaseWKWebViewController.m; sourceTree = "<group>"; };
		89A6F5031F7B3ECD00E226B1 /* TestViewController.h */ = {isa = PBXFileReference; fileEncoding = 4; lastKnownFileType = sourcecode.c.h; path = TestViewController.h; sourceTree = "<group>"; };
		89A6F5041F7B3ECD00E226B1 /* TestViewController.m */ = {isa = PBXFileReference; fileEncoding = 4; lastKnownFileType = sourcecode.c.objc; path = TestViewController.m; sourceTree = "<group>"; };
		89DD72DF1F53B3BF00E4117B /* GJLaunchViewManager.h */ = {isa = PBXFileReference; fileEncoding = 4; lastKnownFileType = sourcecode.c.h; path = GJLaunchViewManager.h; sourceTree = "<group>"; };
		89DD72E01F53B3BF00E4117B /* GJLaunchViewManager.m */ = {isa = PBXFileReference; fileEncoding = 4; lastKnownFileType = sourcecode.c.objc; path = GJLaunchViewManager.m; sourceTree = "<group>"; };
		89DD72E21F53B3E100E4117B /* GJAdModel.h */ = {isa = PBXFileReference; fileEncoding = 4; lastKnownFileType = sourcecode.c.h; path = GJAdModel.h; sourceTree = "<group>"; };
		89DD72E31F53B3E100E4117B /* GJAdModel.m */ = {isa = PBXFileReference; fileEncoding = 4; lastKnownFileType = sourcecode.c.objc; path = GJAdModel.m; sourceTree = "<group>"; };
		89F6B9D91F55085B001C2FEC /* main_badge@2x.png */ = {isa = PBXFileReference; lastKnownFileType = image.png; path = "main_badge@2x.png"; sourceTree = "<group>"; };
		89F6B9DA1F55085B001C2FEC /* main_badge@3x.png */ = {isa = PBXFileReference; lastKnownFileType = image.png; path = "main_badge@3x.png"; sourceTree = "<group>"; };
		89F6B9E51F550DC1001C2FEC /* GJTabBarController.h */ = {isa = PBXFileReference; fileEncoding = 4; lastKnownFileType = sourcecode.c.h; path = GJTabBarController.h; sourceTree = "<group>"; };
		89F6B9E61F550DC1001C2FEC /* GJTabBarController.m */ = {isa = PBXFileReference; fileEncoding = 4; lastKnownFileType = sourcecode.c.objc; path = GJTabBarController.m; sourceTree = "<group>"; };
		89F6B9EB1F550E66001C2FEC /* UITabBarItem+BadgeColor.h */ = {isa = PBXFileReference; fileEncoding = 4; lastKnownFileType = sourcecode.c.h; path = "UITabBarItem+BadgeColor.h"; sourceTree = "<group>"; };
		89F6B9EC1F550E66001C2FEC /* UITabBarItem+BadgeColor.m */ = {isa = PBXFileReference; fileEncoding = 4; lastKnownFileType = sourcecode.c.objc; path = "UITabBarItem+BadgeColor.m"; sourceTree = "<group>"; };
		89F6B9EE1F550ED6001C2FEC /* GJBadgeView.h */ = {isa = PBXFileReference; fileEncoding = 4; lastKnownFileType = sourcecode.c.h; path = GJBadgeView.h; sourceTree = "<group>"; };
		89F6B9EF1F550ED6001C2FEC /* GJBadgeView.m */ = {isa = PBXFileReference; fileEncoding = 4; lastKnownFileType = sourcecode.c.objc; path = GJBadgeView.m; sourceTree = "<group>"; };
		89F6B9F11F550F3F001C2FEC /* GJTabBarButton.h */ = {isa = PBXFileReference; fileEncoding = 4; lastKnownFileType = sourcecode.c.h; path = GJTabBarButton.h; sourceTree = "<group>"; };
		89F6B9F21F550F3F001C2FEC /* GJTabBarButton.m */ = {isa = PBXFileReference; fileEncoding = 4; lastKnownFileType = sourcecode.c.objc; path = GJTabBarButton.m; sourceTree = "<group>"; };
		89F6B9F41F550FF5001C2FEC /* GJTabBarConfig.h */ = {isa = PBXFileReference; fileEncoding = 4; lastKnownFileType = sourcecode.c.h; path = GJTabBarConfig.h; sourceTree = "<group>"; };
		89F6B9F51F550FF5001C2FEC /* GJTabBarConfig.m */ = {isa = PBXFileReference; fileEncoding = 4; lastKnownFileType = sourcecode.c.objc; path = GJTabBarConfig.m; sourceTree = "<group>"; };
		89F6B9F71F5510B0001C2FEC /* GJCenterTabBarBtn.h */ = {isa = PBXFileReference; fileEncoding = 4; lastKnownFileType = sourcecode.c.h; path = GJCenterTabBarBtn.h; sourceTree = "<group>"; };
		89F6B9F81F5510B0001C2FEC /* GJCenterTabBarBtn.m */ = {isa = PBXFileReference; fileEncoding = 4; lastKnownFileType = sourcecode.c.objc; path = GJCenterTabBarBtn.m; sourceTree = "<group>"; };
		89F6B9FA1F55115E001C2FEC /* GJTabBar.h */ = {isa = PBXFileReference; fileEncoding = 4; lastKnownFileType = sourcecode.c.h; path = GJTabBar.h; sourceTree = "<group>"; };
		89F6B9FB1F55115E001C2FEC /* GJTabBar.m */ = {isa = PBXFileReference; fileEncoding = 4; lastKnownFileType = sourcecode.c.objc; path = GJTabBar.m; sourceTree = "<group>"; };
		89F6B9FD1F551393001C2FEC /* MainViewController.h */ = {isa = PBXFileReference; fileEncoding = 4; lastKnownFileType = sourcecode.c.h; path = MainViewController.h; sourceTree = "<group>"; };
		89F6B9FE1F551393001C2FEC /* MainViewController.m */ = {isa = PBXFileReference; fileEncoding = 4; lastKnownFileType = sourcecode.c.objc; path = MainViewController.m; sourceTree = "<group>"; };
		89F6BA001F5513AF001C2FEC /* SecondViewController.h */ = {isa = PBXFileReference; fileEncoding = 4; lastKnownFileType = sourcecode.c.h; path = SecondViewController.h; sourceTree = "<group>"; };
		89F6BA011F5513AF001C2FEC /* SecondViewController.m */ = {isa = PBXFileReference; fileEncoding = 4; lastKnownFileType = sourcecode.c.objc; path = SecondViewController.m; sourceTree = "<group>"; };
		89F6BA031F5513BF001C2FEC /* MidViewController.h */ = {isa = PBXFileReference; fileEncoding = 4; lastKnownFileType = sourcecode.c.h; path = MidViewController.h; sourceTree = "<group>"; };
		89F6BA041F5513BF001C2FEC /* MidViewController.m */ = {isa = PBXFileReference; fileEncoding = 4; lastKnownFileType = sourcecode.c.objc; path = MidViewController.m; sourceTree = "<group>"; };
		89F6BA061F5513CC001C2FEC /* DiscoverViewController.h */ = {isa = PBXFileReference; fileEncoding = 4; lastKnownFileType = sourcecode.c.h; path = DiscoverViewController.h; sourceTree = "<group>"; };
		89F6BA071F5513CC001C2FEC /* DiscoverViewController.m */ = {isa = PBXFileReference; fileEncoding = 4; lastKnownFileType = sourcecode.c.objc; path = DiscoverViewController.m; sourceTree = "<group>"; };
		89F6BA091F5513EB001C2FEC /* MineViewController.h */ = {isa = PBXFileReference; fileEncoding = 4; lastKnownFileType = sourcecode.c.h; path = MineViewController.h; sourceTree = "<group>"; };
		89F6BA0A1F5513EB001C2FEC /* MineViewController.m */ = {isa = PBXFileReference; fileEncoding = 4; lastKnownFileType = sourcecode.c.objc; path = MineViewController.m; sourceTree = "<group>"; };
		8D8185CA71AD9C417E5525B5 /* Pods-Doctor9.debug.xcconfig */ = {isa = PBXFileReference; includeInIndex = 1; lastKnownFileType = text.xcconfig; name = "Pods-Doctor9.debug.xcconfig"; path = "Pods/Target Support Files/Pods-Doctor9/Pods-Doctor9.debug.xcconfig"; sourceTree = "<group>"; };
/* End PBXFileReference section */

/* Begin PBXFrameworksBuildPhase section */
		8929CB231F4D985600C9BE09 /* Frameworks */ = {
			isa = PBXFrameworksBuildPhase;
			buildActionMask = 2147483647;
			files = (
				19A927DCAF77696AE9DD9234 /* libPods-Doctor9.a in Frameworks */,
			);
			runOnlyForDeploymentPostprocessing = 0;
		};
		8929CB3C1F4D985600C9BE09 /* Frameworks */ = {
			isa = PBXFrameworksBuildPhase;
			buildActionMask = 2147483647;
			files = (
			);
			runOnlyForDeploymentPostprocessing = 0;
		};
		8929CB471F4D985600C9BE09 /* Frameworks */ = {
			isa = PBXFrameworksBuildPhase;
			buildActionMask = 2147483647;
			files = (
			);
			runOnlyForDeploymentPostprocessing = 0;
		};
/* End PBXFrameworksBuildPhase section */

/* Begin PBXGroup section */
		00B0599FED7D05E43B011E3F /* Frameworks */ = {
			isa = PBXGroup;
			children = (
				6443AF8C9E03FC53D143E594 /* libPods-Doctor9.a */,
			);
			name = Frameworks;
			sourceTree = "<group>";
		};
		7ACB487694448DCC1D11C411 /* Pods */ = {
			isa = PBXGroup;
			children = (
				8D8185CA71AD9C417E5525B5 /* Pods-Doctor9.debug.xcconfig */,
				22003750A4076C3B1260FCC9 /* Pods-Doctor9.release.xcconfig */,
			);
			name = Pods;
			sourceTree = "<group>";
		};
		8929CB1D1F4D985600C9BE09 = {
			isa = PBXGroup;
			children = (
				8929CB281F4D985600C9BE09 /* Doctor9 */,
				8929CB421F4D985600C9BE09 /* Doctor9Tests */,
				8929CB4D1F4D985600C9BE09 /* Doctor9UITests */,
				8929CB271F4D985600C9BE09 /* Products */,
				7ACB487694448DCC1D11C411 /* Pods */,
				00B0599FED7D05E43B011E3F /* Frameworks */,
			);
			sourceTree = "<group>";
		};
		8929CB271F4D985600C9BE09 /* Products */ = {
			isa = PBXGroup;
			children = (
				8929CB261F4D985600C9BE09 /* Doctor9.app */,
				8929CB3F1F4D985600C9BE09 /* Doctor9Tests.xctest */,
				8929CB4A1F4D985600C9BE09 /* Doctor9UITests.xctest */,
			);
			name = Products;
			sourceTree = "<group>";
		};
		8929CB281F4D985600C9BE09 /* Doctor9 */ = {
			isa = PBXGroup;
			children = (
				892C33DA1F4EC0CF00026DE7 /* Public */,
				892C33D31F4EC01D00026DE7 /* Launch */,
				89F6B9E11F5508BE001C2FEC /* TabBar */,
				892C33AD1F4EAFBD00026DE7 /* Resource */,
				8929CB291F4D985600C9BE09 /* Supporting Files */,
			);
			path = Doctor9;
			sourceTree = "<group>";
		};
		8929CB291F4D985600C9BE09 /* Supporting Files */ = {
			isa = PBXGroup;
			children = (
				8929CB2C1F4D985600C9BE09 /* AppDelegate.h */,
				8929CB2D1F4D985600C9BE09 /* AppDelegate.m */,
				8929CB321F4D985600C9BE09 /* Main.storyboard */,
				8929CB351F4D985600C9BE09 /* Assets.xcassets */,
				8929CB371F4D985600C9BE09 /* LaunchScreen.storyboard */,
				8929CB3A1F4D985600C9BE09 /* Info.plist */,
				8929CB2A1F4D985600C9BE09 /* main.m */,
				892C33D21F4EBD6500026DE7 /* Doctor9Header.pch */,
			);
			name = "Supporting Files";
			sourceTree = "<group>";
		};
		8929CB421F4D985600C9BE09 /* Doctor9Tests */ = {
			isa = PBXGroup;
			children = (
				8929CB431F4D985600C9BE09 /* Doctor9Tests.m */,
				8929CB451F4D985600C9BE09 /* Info.plist */,
			);
			path = Doctor9Tests;
			sourceTree = "<group>";
		};
		8929CB4D1F4D985600C9BE09 /* Doctor9UITests */ = {
			isa = PBXGroup;
			children = (
				8929CB4E1F4D985600C9BE09 /* Doctor9UITests.m */,
				8929CB501F4D985600C9BE09 /* Info.plist */,
			);
			path = Doctor9UITests;
			sourceTree = "<group>";
		};
		892C33AD1F4EAFBD00026DE7 /* Resource */ = {
			isa = PBXGroup;
			children = (
				892C33AE1F4EAFBD00026DE7 /* Picture */,
			);
			path = Resource;
			sourceTree = "<group>";
		};
		892C33AE1F4EAFBD00026DE7 /* Picture */ = {
			isa = PBXGroup;
			children = (
				89F6B9D91F55085B001C2FEC /* main_badge@2x.png */,
				89F6B9DA1F55085B001C2FEC /* main_badge@3x.png */,
				892C33E31F4EC4BD00026DE7 /* guide1.png */,
				892C33E41F4EC4BD00026DE7 /* guide2.png */,
				892C33E51F4EC4BD00026DE7 /* guide3.png */,
				892C33E61F4EC4BD00026DE7 /* guide4.png */,
				892C33AF1F4EB00900026DE7 /* welcome.png */,
			);
			path = Picture;
			sourceTree = "<group>";
		};
		892C33D31F4EC01D00026DE7 /* Launch */ = {
			isa = PBXGroup;
			children = (
				892C33D41F4EC01D00026DE7 /* Controller */,
				892C33D51F4EC01D00026DE7 /* Model */,
				892C33D61F4EC01D00026DE7 /* View */,
			);
			path = Launch;
			sourceTree = "<group>";
		};
		892C33D41F4EC01D00026DE7 /* Controller */ = {
			isa = PBXGroup;
			children = (
				894C25B71F4F075900ABD4EF /* ADWebViewController.h */,
				894C25B81F4F075900ABD4EF /* ADWebViewController.m */,
			);
			path = Controller;
			sourceTree = "<group>";
		};
		892C33D51F4EC01D00026DE7 /* Model */ = {
			isa = PBXGroup;
			children = (
				89DD72E21F53B3E100E4117B /* GJAdModel.h */,
				89DD72E31F53B3E100E4117B /* GJAdModel.m */,
			);
			path = Model;
			sourceTree = "<group>";
		};
		892C33D61F4EC01D00026DE7 /* View */ = {
			isa = PBXGroup;
			children = (
				892C33E01F4EC3FA00026DE7 /* GuideView.h */,
				892C33E11F4EC3FA00026DE7 /* GuideView.m */,
				8990B0F31F500DC40037B01E /* ShowADView.h */,
				8990B0F41F500DC40037B01E /* ShowADView.m */,
				892C33EB1F4ED58F00026DE7 /* GJWebViewProgressView.h */,
				892C33EC1F4ED58F00026DE7 /* GJWebViewProgressView.m */,
				89DD72DF1F53B3BF00E4117B /* GJLaunchViewManager.h */,
				89DD72E01F53B3BF00E4117B /* GJLaunchViewManager.m */,
			);
			path = View;
			sourceTree = "<group>";
		};
		892C33DA1F4EC0CF00026DE7 /* Public */ = {
			isa = PBXGroup;
			children = (
				8990B0EC1F500BCC0037B01E /* Base */,
				8990B0E41F4FB6FD0037B01E /* Network */,
				892C33DB1F4EC0CF00026DE7 /* Config */,
			);
			path = Public;
			sourceTree = "<group>";
		};
		892C33DB1F4EC0CF00026DE7 /* Config */ = {
			isa = PBXGroup;
			children = (
				892C33DC1F4EC11500026DE7 /* AppConfig.h */,
				892C33DD1F4EC1BF00026DE7 /* ConfigUtil.h */,
				892C33DE1F4EC1BF00026DE7 /* ConfigUtil.m */,
				898E02BC1F510CEE0064F55B /* PubFunc.h */,
				898E02BD1F510CEE0064F55B /* PubFunc.m */,
			);
			path = Config;
			sourceTree = "<group>";
		};
		8990B0E41F4FB6FD0037B01E /* Network */ = {
			isa = PBXGroup;
			children = (
				8990B0E81F4FB86D0037B01E /* NetworkCongfig.h */,
				8990B0E51F4FB7980037B01E /* NetworkRequester.h */,
				8990B0E61F4FB7980037B01E /* NetworkRequester.m */,
				8990B0E91F4FBF210037B01E /* NetworkRequester+Launch.h */,
				8990B0EA1F4FBF210037B01E /* NetworkRequester+Launch.m */,
			);
			path = Network;
			sourceTree = "<group>";
		};
		8990B0EC1F500BCC0037B01E /* Base */ = {
			isa = PBXGroup;
			children = (
				8999ABD21F6A246B00579508 /* BaseWKWebViewController.h */,
				8999ABD31F6A246B00579508 /* BaseWKWebViewController.m */,
				8990B0ED1F500BCC0037B01E /* BaseViewController.h */,
				8990B0EE1F500BCC0037B01E /* BaseViewController.m */,
				8990B0F01F500BF90037B01E /* BaseModel.h */,
				8990B0F11F500BF90037B01E /* BaseModel.m */,
			);
			path = Base;
			sourceTree = "<group>";
		};
		89F6B9E11F5508BE001C2FEC /* TabBar */ = {
			isa = PBXGroup;
			children = (
				89F6B9E21F5508BE001C2FEC /* Controller */,
				89F6B9E31F5508BE001C2FEC /* Model */,
				89F6B9E41F5508BE001C2FEC /* View */,
			);
			path = TabBar;
			sourceTree = "<group>";
		};
		89F6B9E21F5508BE001C2FEC /* Controller */ = {
			isa = PBXGroup;
			children = (
				89F6B9E51F550DC1001C2FEC /* GJTabBarController.h */,
				89F6B9E61F550DC1001C2FEC /* GJTabBarController.m */,
				89F6B9FD1F551393001C2FEC /* MainViewController.h */,
				89F6B9FE1F551393001C2FEC /* MainViewController.m */,
				89F6BA001F5513AF001C2FEC /* SecondViewController.h */,
				89F6BA011F5513AF001C2FEC /* SecondViewController.m */,
				89F6BA031F5513BF001C2FEC /* MidViewController.h */,
				89F6BA041F5513BF001C2FEC /* MidViewController.m */,
				89F6BA061F5513CC001C2FEC /* DiscoverViewController.h */,
				89F6BA071F5513CC001C2FEC /* DiscoverViewController.m */,
				89F6BA091F5513EB001C2FEC /* MineViewController.h */,
				89F6BA0A1F5513EB001C2FEC /* MineViewController.m */,
				89A6F5031F7B3ECD00E226B1 /* TestViewController.h */,
				89A6F5041F7B3ECD00E226B1 /* TestViewController.m */,
			);
			path = Controller;
			sourceTree = "<group>";
		};
		89F6B9E31F5508BE001C2FEC /* Model */ = {
			isa = PBXGroup;
			children = (
				89F6B9F41F550FF5001C2FEC /* GJTabBarConfig.h */,
				89F6B9F51F550FF5001C2FEC /* GJTabBarConfig.m */,
			);
			path = Model;
			sourceTree = "<group>";
		};
		89F6B9E41F5508BE001C2FEC /* View */ = {
			isa = PBXGroup;
			children = (
				89F6B9EB1F550E66001C2FEC /* UITabBarItem+BadgeColor.h */,
				89F6B9EC1F550E66001C2FEC /* UITabBarItem+BadgeColor.m */,
				89F6B9EE1F550ED6001C2FEC /* GJBadgeView.h */,
				89F6B9EF1F550ED6001C2FEC /* GJBadgeView.m */,
				89F6B9F11F550F3F001C2FEC /* GJTabBarButton.h */,
				89F6B9F21F550F3F001C2FEC /* GJTabBarButton.m */,
				89F6B9F71F5510B0001C2FEC /* GJCenterTabBarBtn.h */,
				89F6B9F81F5510B0001C2FEC /* GJCenterTabBarBtn.m */,
				89F6B9FA1F55115E001C2FEC /* GJTabBar.h */,
				89F6B9FB1F55115E001C2FEC /* GJTabBar.m */,
			);
			path = View;
			sourceTree = "<group>";
		};
/* End PBXGroup section */

/* Begin PBXNativeTarget section */
		8929CB251F4D985600C9BE09 /* Doctor9 */ = {
			isa = PBXNativeTarget;
			buildConfigurationList = 8929CB531F4D985600C9BE09 /* Build configuration list for PBXNativeTarget "Doctor9" */;
			buildPhases = (
				0E19A834212829571D856E6F /* [CP] Check Pods Manifest.lock */,
				8929CB221F4D985600C9BE09 /* Sources */,
				8929CB231F4D985600C9BE09 /* Frameworks */,
				8929CB241F4D985600C9BE09 /* Resources */,
				997D831DA3710F1415F95B8C /* [CP] Embed Pods Frameworks */,
				47CC719597D6459C17C2756A /* [CP] Copy Pods Resources */,
			);
			buildRules = (
			);
			dependencies = (
			);
			name = Doctor9;
			productName = Doctor9;
			productReference = 8929CB261F4D985600C9BE09 /* Doctor9.app */;
			productType = "com.apple.product-type.application";
		};
		8929CB3E1F4D985600C9BE09 /* Doctor9Tests */ = {
			isa = PBXNativeTarget;
			buildConfigurationList = 8929CB561F4D985600C9BE09 /* Build configuration list for PBXNativeTarget "Doctor9Tests" */;
			buildPhases = (
				8929CB3B1F4D985600C9BE09 /* Sources */,
				8929CB3C1F4D985600C9BE09 /* Frameworks */,
				8929CB3D1F4D985600C9BE09 /* Resources */,
			);
			buildRules = (
			);
			dependencies = (
				8929CB411F4D985600C9BE09 /* PBXTargetDependency */,
			);
			name = Doctor9Tests;
			productName = Doctor9Tests;
			productReference = 8929CB3F1F4D985600C9BE09 /* Doctor9Tests.xctest */;
			productType = "com.apple.product-type.bundle.unit-test";
		};
		8929CB491F4D985600C9BE09 /* Doctor9UITests */ = {
			isa = PBXNativeTarget;
			buildConfigurationList = 8929CB591F4D985600C9BE09 /* Build configuration list for PBXNativeTarget "Doctor9UITests" */;
			buildPhases = (
				8929CB461F4D985600C9BE09 /* Sources */,
				8929CB471F4D985600C9BE09 /* Frameworks */,
				8929CB481F4D985600C9BE09 /* Resources */,
			);
			buildRules = (
			);
			dependencies = (
				8929CB4C1F4D985600C9BE09 /* PBXTargetDependency */,
			);
			name = Doctor9UITests;
			productName = Doctor9UITests;
			productReference = 8929CB4A1F4D985600C9BE09 /* Doctor9UITests.xctest */;
			productType = "com.apple.product-type.bundle.ui-testing";
		};
/* End PBXNativeTarget section */

/* Begin PBXProject section */
		8929CB1E1F4D985600C9BE09 /* Project object */ = {
			isa = PBXProject;
			attributes = {
				LastUpgradeCheck = 0720;
				ORGANIZATIONNAME = "何冠颉";
				TargetAttributes = {
					8929CB251F4D985600C9BE09 = {
						CreatedOnToolsVersion = 7.2;
					};
					8929CB3E1F4D985600C9BE09 = {
						CreatedOnToolsVersion = 7.2;
						DevelopmentTeam = 3ZR3KW724E;
						TestTargetID = 8929CB251F4D985600C9BE09;
					};
					8929CB491F4D985600C9BE09 = {
						CreatedOnToolsVersion = 7.2;
						DevelopmentTeam = 3ZR3KW724E;
						TestTargetID = 8929CB251F4D985600C9BE09;
					};
				};
			};
			buildConfigurationList = 8929CB211F4D985600C9BE09 /* Build configuration list for PBXProject "Doctor9" */;
			compatibilityVersion = "Xcode 3.2";
			developmentRegion = English;
			hasScannedForEncodings = 0;
			knownRegions = (
				en,
				Base,
			);
			mainGroup = 8929CB1D1F4D985600C9BE09;
			productRefGroup = 8929CB271F4D985600C9BE09 /* Products */;
			projectDirPath = "";
			projectRoot = "";
			targets = (
				8929CB251F4D985600C9BE09 /* Doctor9 */,
				8929CB3E1F4D985600C9BE09 /* Doctor9Tests */,
				8929CB491F4D985600C9BE09 /* Doctor9UITests */,
			);
		};
/* End PBXProject section */

/* Begin PBXResourcesBuildPhase section */
		8929CB241F4D985600C9BE09 /* Resources */ = {
			isa = PBXResourcesBuildPhase;
			buildActionMask = 2147483647;
			files = (
				892C33E71F4EC4BD00026DE7 /* guide1.png in Resources */,
				892C33E81F4EC4BD00026DE7 /* guide2.png in Resources */,
				8929CB391F4D985600C9BE09 /* LaunchScreen.storyboard in Resources */,
				8929CB361F4D985600C9BE09 /* Assets.xcassets in Resources */,
				89F6B9DB1F55085B001C2FEC /* main_badge@2x.png in Resources */,
				892C33B01F4EB00900026DE7 /* welcome.png in Resources */,
				892C33E91F4EC4BD00026DE7 /* guide3.png in Resources */,
				8929CB341F4D985600C9BE09 /* Main.storyboard in Resources */,
				89F6B9DC1F55085B001C2FEC /* main_badge@3x.png in Resources */,
				892C33EA1F4EC4BD00026DE7 /* guide4.png in Resources */,
			);
			runOnlyForDeploymentPostprocessing = 0;
		};
		8929CB3D1F4D985600C9BE09 /* Resources */ = {
			isa = PBXResourcesBuildPhase;
			buildActionMask = 2147483647;
			files = (
			);
			runOnlyForDeploymentPostprocessing = 0;
		};
		8929CB481F4D985600C9BE09 /* Resources */ = {
			isa = PBXResourcesBuildPhase;
			buildActionMask = 2147483647;
			files = (
			);
			runOnlyForDeploymentPostprocessing = 0;
		};
/* End PBXResourcesBuildPhase section */

/* Begin PBXShellScriptBuildPhase section */
		0E19A834212829571D856E6F /* [CP] Check Pods Manifest.lock */ = {
			isa = PBXShellScriptBuildPhase;
			buildActionMask = 2147483647;
			files = (
			);
			inputPaths = (
				"${PODS_PODFILE_DIR_PATH}/Podfile.lock",
				"${PODS_ROOT}/Manifest.lock",
			);
			name = "[CP] Check Pods Manifest.lock";
			outputPaths = (
				"$(DERIVED_FILE_DIR)/Pods-Doctor9-checkManifestLockResult.txt",
			);
			runOnlyForDeploymentPostprocessing = 0;
			shellPath = /bin/sh;
			shellScript = "diff \"${PODS_PODFILE_DIR_PATH}/Podfile.lock\" \"${PODS_ROOT}/Manifest.lock\" > /dev/null\nif [ $? != 0 ] ; then\n    # print error to STDERR\n    echo \"error: The sandbox is not in sync with the Podfile.lock. Run 'pod install' or update your CocoaPods installation.\" >&2\n    exit 1\nfi\n# This output is used by Xcode 'outputs' to avoid re-running this script phase.\necho \"SUCCESS\" > \"${SCRIPT_OUTPUT_FILE_0}\"\n";
			showEnvVarsInLog = 0;
		};
		47CC719597D6459C17C2756A /* [CP] Copy Pods Resources */ = {
			isa = PBXShellScriptBuildPhase;
			buildActionMask = 2147483647;
			files = (
			);
			inputPaths = (
				"${SRCROOT}/Pods/Target Support Files/Pods-Doctor9/Pods-Doctor9-resources.sh",
				"${PODS_ROOT}/MJRefresh/MJRefresh/MJRefresh.bundle",
			);
			name = "[CP] Copy Pods Resources";
			outputPaths = (
				"${TARGET_BUILD_DIR}/${UNLOCALIZED_RESOURCES_FOLDER_PATH}",
			);
			runOnlyForDeploymentPostprocessing = 0;
			shellPath = /bin/sh;
			shellScript = "\"${SRCROOT}/Pods/Target Support Files/Pods-Doctor9/Pods-Doctor9-resources.sh\"\n";
			showEnvVarsInLog = 0;
		};
		997D831DA3710F1415F95B8C /* [CP] Embed Pods Frameworks */ = {
			isa = PBXShellScriptBuildPhase;
			buildActionMask = 2147483647;
			files = (
			);
			inputPaths = (
			);
			name = "[CP] Embed Pods Frameworks";
			outputPaths = (
			);
			runOnlyForDeploymentPostprocessing = 0;
			shellPath = /bin/sh;
			shellScript = "\"${SRCROOT}/Pods/Target Support Files/Pods-Doctor9/Pods-Doctor9-frameworks.sh\"\n";
			showEnvVarsInLog = 0;
		};
/* End PBXShellScriptBuildPhase section */

/* Begin PBXSourcesBuildPhase section */
		8929CB221F4D985600C9BE09 /* Sources */ = {
			isa = PBXSourcesBuildPhase;
			buildActionMask = 2147483647;
			files = (
				89F6B9E71F550DC1001C2FEC /* GJTabBarController.m in Sources */,
				89F6B9F31F550F3F001C2FEC /* GJTabBarButton.m in Sources */,
				89A6F5051F7B3ECD00E226B1 /* TestViewController.m in Sources */,
				8929CB2E1F4D985600C9BE09 /* AppDelegate.m in Sources */,
				8990B0EF1F500BCC0037B01E /* BaseViewController.m in Sources */,
				8999ABD41F6A246B00579508 /* BaseWKWebViewController.m in Sources */,
				89F6B9FC1F55115E001C2FEC /* GJTabBar.m in Sources */,
				892C33ED1F4ED58F00026DE7 /* GJWebViewProgressView.m in Sources */,
				89DD72E11F53B3BF00E4117B /* GJLaunchViewManager.m in Sources */,
				89F6B9F61F550FF5001C2FEC /* GJTabBarConfig.m in Sources */,
				8990B0F21F500BF90037B01E /* BaseModel.m in Sources */,
				894C25B91F4F075900ABD4EF /* ADWebViewController.m in Sources */,
				8990B0E71F4FB7980037B01E /* NetworkRequester.m in Sources */,
				89F6BA021F5513AF001C2FEC /* SecondViewController.m in Sources */,
				89F6B9FF1F551393001C2FEC /* MainViewController.m in Sources */,
				8929CB2B1F4D985600C9BE09 /* main.m in Sources */,
				892C33E21F4EC3FA00026DE7 /* GuideView.m in Sources */,
				89F6BA0B1F5513EB001C2FEC /* MineViewController.m in Sources */,
				89F6BA081F5513CC001C2FEC /* DiscoverViewController.m in Sources */,
				89F6BA051F5513BF001C2FEC /* MidViewController.m in Sources */,
				89F6B9ED1F550E66001C2FEC /* UITabBarItem+BadgeColor.m in Sources */,
				89F6B9F01F550ED6001C2FEC /* GJBadgeView.m in Sources */,
				8990B0F51F500DC40037B01E /* ShowADView.m in Sources */,
				8990B0EB1F4FBF210037B01E /* NetworkRequester+Launch.m in Sources */,
				89F6B9F91F5510B0001C2FEC /* GJCenterTabBarBtn.m in Sources */,
				898E02BE1F510CEE0064F55B /* PubFunc.m in Sources */,
				89DD72E41F53B3E100E4117B /* GJAdModel.m in Sources */,
				892C33DF1F4EC1BF00026DE7 /* ConfigUtil.m in Sources */,
			);
			runOnlyForDeploymentPostprocessing = 0;
		};
		8929CB3B1F4D985600C9BE09 /* Sources */ = {
			isa = PBXSourcesBuildPhase;
			buildActionMask = 2147483647;
			files = (
				8929CB441F4D985600C9BE09 /* Doctor9Tests.m in Sources */,
			);
			runOnlyForDeploymentPostprocessing = 0;
		};
		8929CB461F4D985600C9BE09 /* Sources */ = {
			isa = PBXSourcesBuildPhase;
			buildActionMask = 2147483647;
			files = (
				8929CB4F1F4D985600C9BE09 /* Doctor9UITests.m in Sources */,
			);
			runOnlyForDeploymentPostprocessing = 0;
		};
/* End PBXSourcesBuildPhase section */

/* Begin PBXTargetDependency section */
		8929CB411F4D985600C9BE09 /* PBXTargetDependency */ = {
			isa = PBXTargetDependency;
			target = 8929CB251F4D985600C9BE09 /* Doctor9 */;
			targetProxy = 8929CB401F4D985600C9BE09 /* PBXContainerItemProxy */;
		};
		8929CB4C1F4D985600C9BE09 /* PBXTargetDependency */ = {
			isa = PBXTargetDependency;
			target = 8929CB251F4D985600C9BE09 /* Doctor9 */;
			targetProxy = 8929CB4B1F4D985600C9BE09 /* PBXContainerItemProxy */;
		};
/* End PBXTargetDependency section */

/* Begin PBXVariantGroup section */
		8929CB321F4D985600C9BE09 /* Main.storyboard */ = {
			isa = PBXVariantGroup;
			children = (
				8929CB331F4D985600C9BE09 /* Base */,
			);
			name = Main.storyboard;
			sourceTree = "<group>";
		};
		8929CB371F4D985600C9BE09 /* LaunchScreen.storyboard */ = {
			isa = PBXVariantGroup;
			children = (
				8929CB381F4D985600C9BE09 /* Base */,
			);
			name = LaunchScreen.storyboard;
			sourceTree = "<group>";
		};
/* End PBXVariantGroup section */

/* Begin XCBuildConfiguration section */
		8929CB511F4D985600C9BE09 /* Debug */ = {
			isa = XCBuildConfiguration;
			buildSettings = {
				ALWAYS_SEARCH_USER_PATHS = NO;
				CLANG_CXX_LANGUAGE_STANDARD = "gnu++0x";
				CLANG_CXX_LIBRARY = "libc++";
				CLANG_ENABLE_MODULES = YES;
				CLANG_ENABLE_OBJC_ARC = YES;
				CLANG_WARN_BOOL_CONVERSION = YES;
				CLANG_WARN_CONSTANT_CONVERSION = YES;
				CLANG_WARN_DIRECT_OBJC_ISA_USAGE = YES_ERROR;
				CLANG_WARN_EMPTY_BODY = YES;
				CLANG_WARN_ENUM_CONVERSION = YES;
				CLANG_WARN_INT_CONVERSION = YES;
				CLANG_WARN_OBJC_ROOT_CLASS = YES_ERROR;
				CLANG_WARN_UNREACHABLE_CODE = YES;
				CLANG_WARN__DUPLICATE_METHOD_MATCH = YES;
				"CODE_SIGN_IDENTITY[sdk=iphoneos*]" = "iPhone Developer";
				COPY_PHASE_STRIP = NO;
				DEBUG_INFORMATION_FORMAT = dwarf;
				ENABLE_STRICT_OBJC_MSGSEND = YES;
				ENABLE_TESTABILITY = YES;
				GCC_C_LANGUAGE_STANDARD = gnu99;
				GCC_DYNAMIC_NO_PIC = NO;
				GCC_NO_COMMON_BLOCKS = YES;
				GCC_OPTIMIZATION_LEVEL = 0;
				GCC_PREPROCESSOR_DEFINITIONS = (
					"DEBUG=1",
					"$(inherited)",
				);
				GCC_WARN_64_TO_32_BIT_CONVERSION = YES;
				GCC_WARN_ABOUT_RETURN_TYPE = YES_ERROR;
				GCC_WARN_UNDECLARED_SELECTOR = YES;
				GCC_WARN_UNINITIALIZED_AUTOS = YES_AGGRESSIVE;
				GCC_WARN_UNUSED_FUNCTION = YES;
				GCC_WARN_UNUSED_VARIABLE = YES;
				IPHONEOS_DEPLOYMENT_TARGET = 8.0;
				MTL_ENABLE_DEBUG_INFO = YES;
				ONLY_ACTIVE_ARCH = YES;
				SDKROOT = iphoneos;
				TARGETED_DEVICE_FAMILY = "1,2";
			};
			name = Debug;
		};
		8929CB521F4D985600C9BE09 /* Release */ = {
			isa = XCBuildConfiguration;
			buildSettings = {
				ALWAYS_SEARCH_USER_PATHS = NO;
				CLANG_CXX_LANGUAGE_STANDARD = "gnu++0x";
				CLANG_CXX_LIBRARY = "libc++";
				CLANG_ENABLE_MODULES = YES;
				CLANG_ENABLE_OBJC_ARC = YES;
				CLANG_WARN_BOOL_CONVERSION = YES;
				CLANG_WARN_CONSTANT_CONVERSION = YES;
				CLANG_WARN_DIRECT_OBJC_ISA_USAGE = YES_ERROR;
				CLANG_WARN_EMPTY_BODY = YES;
				CLANG_WARN_ENUM_CONVERSION = YES;
				CLANG_WARN_INT_CONVERSION = YES;
				CLANG_WARN_OBJC_ROOT_CLASS = YES_ERROR;
				CLANG_WARN_UNREACHABLE_CODE = YES;
				CLANG_WARN__DUPLICATE_METHOD_MATCH = YES;
				"CODE_SIGN_IDENTITY[sdk=iphoneos*]" = "iPhone Developer";
				COPY_PHASE_STRIP = NO;
				DEBUG_INFORMATION_FORMAT = "dwarf-with-dsym";
				ENABLE_NS_ASSERTIONS = NO;
				ENABLE_STRICT_OBJC_MSGSEND = YES;
				GCC_C_LANGUAGE_STANDARD = gnu99;
				GCC_NO_COMMON_BLOCKS = YES;
				GCC_WARN_64_TO_32_BIT_CONVERSION = YES;
				GCC_WARN_ABOUT_RETURN_TYPE = YES_ERROR;
				GCC_WARN_UNDECLARED_SELECTOR = YES;
				GCC_WARN_UNINITIALIZED_AUTOS = YES_AGGRESSIVE;
				GCC_WARN_UNUSED_FUNCTION = YES;
				GCC_WARN_UNUSED_VARIABLE = YES;
				IPHONEOS_DEPLOYMENT_TARGET = 8.0;
				MTL_ENABLE_DEBUG_INFO = NO;
				SDKROOT = iphoneos;
				TARGETED_DEVICE_FAMILY = "1,2";
				VALIDATE_PRODUCT = YES;
			};
			name = Release;
		};
		8929CB541F4D985600C9BE09 /* Debug */ = {
			isa = XCBuildConfiguration;
			baseConfigurationReference = 8D8185CA71AD9C417E5525B5 /* Pods-Doctor9.debug.xcconfig */;
			buildSettings = {
				ASSETCATALOG_COMPILER_APPICON_NAME = AppIcon;
				CODE_SIGN_IDENTITY = "iPhone Developer";
				GCC_PREFIX_HEADER = "$(SRCROOT)/Doctor9/Doctor9Header.pch";
				INFOPLIST_FILE = Doctor9/Info.plist;
				IPHONEOS_DEPLOYMENT_TARGET = 8.0;
				LD_RUNPATH_SEARCH_PATHS = "$(inherited) @executable_path/Frameworks";
				PRODUCT_BUNDLE_IDENTIFIER = hgj.Doctor9;
				PRODUCT_NAME = "$(TARGET_NAME)";
			};
			name = Debug;
		};
		8929CB551F4D985600C9BE09 /* Release */ = {
			isa = XCBuildConfiguration;
			baseConfigurationReference = 22003750A4076C3B1260FCC9 /* Pods-Doctor9.release.xcconfig */;
			buildSettings = {
				ASSETCATALOG_COMPILER_APPICON_NAME = AppIcon;
				CODE_SIGN_IDENTITY = "iPhone Developer";
				GCC_PREFIX_HEADER = "$(SRCROOT)/Doctor9/Doctor9Header.pch";
				INFOPLIST_FILE = Doctor9/Info.plist;
				IPHONEOS_DEPLOYMENT_TARGET = 8.0;
				LD_RUNPATH_SEARCH_PATHS = "$(inherited) @executable_path/Frameworks";
				PRODUCT_BUNDLE_IDENTIFIER = hgj.Doctor9;
				PRODUCT_NAME = "$(TARGET_NAME)";
			};
			name = Release;
		};
		8929CB571F4D985600C9BE09 /* Debug */ = {
			isa = XCBuildConfiguration;
			buildSettings = {
				BUNDLE_LOADER = "$(TEST_HOST)";
				INFOPLIST_FILE = Doctor9Tests/Info.plist;
				LD_RUNPATH_SEARCH_PATHS = "$(inherited) @executable_path/Frameworks @loader_path/Frameworks";
				PRODUCT_BUNDLE_IDENTIFIER = hgj.Doctor9Tests;
				PRODUCT_NAME = "$(TARGET_NAME)";
				TEST_HOST = "$(BUILT_PRODUCTS_DIR)/Doctor9.app/Doctor9";
			};
			name = Debug;
		};
		8929CB581F4D985600C9BE09 /* Release */ = {
			isa = XCBuildConfiguration;
			buildSettings = {
				BUNDLE_LOADER = "$(TEST_HOST)";
				INFOPLIST_FILE = Doctor9Tests/Info.plist;
				LD_RUNPATH_SEARCH_PATHS = "$(inherited) @executable_path/Frameworks @loader_path/Frameworks";
				PRODUCT_BUNDLE_IDENTIFIER = hgj.Doctor9Tests;
				PRODUCT_NAME = "$(TARGET_NAME)";
				TEST_HOST = "$(BUILT_PRODUCTS_DIR)/Doctor9.app/Doctor9";
			};
			name = Release;
		};
		8929CB5A1F4D985600C9BE09 /* Debug */ = {
			isa = XCBuildConfiguration;
			buildSettings = {
				INFOPLIST_FILE = Doctor9UITests/Info.plist;
				LD_RUNPATH_SEARCH_PATHS = "$(inherited) @executable_path/Frameworks @loader_path/Frameworks";
				PRODUCT_BUNDLE_IDENTIFIER = hgj.Doctor9UITests;
				PRODUCT_NAME = "$(TARGET_NAME)";
				TEST_TARGET_NAME = Doctor9;
				USES_XCTRUNNER = YES;
			};
			name = Debug;
		};
		8929CB5B1F4D985600C9BE09 /* Release */ = {
			isa = XCBuildConfiguration;
			buildSettings = {
				INFOPLIST_FILE = Doctor9UITests/Info.plist;
				LD_RUNPATH_SEARCH_PATHS = "$(inherited) @executable_path/Frameworks @loader_path/Frameworks";
				PRODUCT_BUNDLE_IDENTIFIER = hgj.Doctor9UITests;
				PRODUCT_NAME = "$(TARGET_NAME)";
				TEST_TARGET_NAME = Doctor9;
				USES_XCTRUNNER = YES;
			};
			name = Release;
		};
/* End XCBuildConfiguration section */

/* Begin XCConfigurationList section */
		8929CB211F4D985600C9BE09 /* Build configuration list for PBXProject "Doctor9" */ = {
			isa = XCConfigurationList;
			buildConfigurations = (
				8929CB511F4D985600C9BE09 /* Debug */,
				8929CB521F4D985600C9BE09 /* Release */,
			);
			defaultConfigurationIsVisible = 0;
			defaultConfigurationName = Release;
		};
		8929CB531F4D985600C9BE09 /* Build configuration list for PBXNativeTarget "Doctor9" */ = {
			isa = XCConfigurationList;
			buildConfigurations = (
				8929CB541F4D985600C9BE09 /* Debug */,
				8929CB551F4D985600C9BE09 /* Release */,
			);
			defaultConfigurationIsVisible = 0;
			defaultConfigurationName = Release;
		};
		8929CB561F4D985600C9BE09 /* Build configuration list for PBXNativeTarget "Doctor9Tests" */ = {
			isa = XCConfigurationList;
			buildConfigurations = (
				8929CB571F4D985600C9BE09 /* Debug */,
				8929CB581F4D985600C9BE09 /* Release */,
			);
			defaultConfigurationIsVisible = 0;
			defaultConfigurationName = Release;
		};
		8929CB591F4D985600C9BE09 /* Build configuration list for PBXNativeTarget "Doctor9UITests" */ = {
			isa = XCConfigurationList;
			buildConfigurations = (
				8929CB5A1F4D985600C9BE09 /* Debug */,
				8929CB5B1F4D985600C9BE09 /* Release */,
			);
			defaultConfigurationIsVisible = 0;
			defaultConfigurationName = Release;
		};
/* End XCConfigurationList section */
	};
	rootObject = 8929CB1E1F4D985600C9BE09 /* Project object */;
}
